// !$*UTF8*$!
{
	archiveVersion = 1;
	classes = {
	};
	objectVersion = 50;
	objects = {

/* Begin PBXBuildFile section */
		D6DBC44325BEB40E00BB11C2 /* DataController.swift in Sources */ = {isa = PBXBuildFile; fileRef = D6DBC44225BEB40E00BB11C2 /* DataController.swift */; };
		D6DBC44525BEB6B300BB11C2 /* extensions.swift in Sources */ = {isa = PBXBuildFile; fileRef = D6DBC44425BEB6B300BB11C2 /* extensions.swift */; };
		D6DBC44725BEE23700BB11C2 /* MyView.swift in Sources */ = {isa = PBXBuildFile; fileRef = D6DBC44625BEE23700BB11C2 /* MyView.swift */; };
		D6DBC44925BEE5F800BB11C2 /* ImagePicker.swift in Sources */ = {isa = PBXBuildFile; fileRef = D6DBC44825BEE5F800BB11C2 /* ImagePicker.swift */; };
		D6DBC44B25BEE7AC00BB11C2 /* MySheet.swift in Sources */ = {isa = PBXBuildFile; fileRef = D6DBC44A25BEE7AC00BB11C2 /* MySheet.swift */; };
		D6EBFA5925BB0AC300ABF0CA /* AppDelegate.swift in Sources */ = {isa = PBXBuildFile; fileRef = D6EBFA5825BB0AC300ABF0CA /* AppDelegate.swift */; };
		D6EBFA5B25BB0AC300ABF0CA /* SceneDelegate.swift in Sources */ = {isa = PBXBuildFile; fileRef = D6EBFA5A25BB0AC300ABF0CA /* SceneDelegate.swift */; };
		D6EBFA5E25BB0AC300ABF0CA /* PlaceLocationCoreData_doz_13.xcdatamodeld in Sources */ = {isa = PBXBuildFile; fileRef = D6EBFA5C25BB0AC300ABF0CA /* PlaceLocationCoreData_doz_13.xcdatamodeld */; };
		D6EBFA6225BB0AC700ABF0CA /* Assets.xcassets in Resources */ = {isa = PBXBuildFile; fileRef = D6EBFA6125BB0AC700ABF0CA /* Assets.xcassets */; };
		D6EBFA6525BB0AC700ABF0CA /* Preview Assets.xcassets in Resources */ = {isa = PBXBuildFile; fileRef = D6EBFA6425BB0AC700ABF0CA /* Preview Assets.xcassets */; };
		D6EBFA6825BB0AC700ABF0CA /* LaunchScreen.storyboard in Resources */ = {isa = PBXBuildFile; fileRef = D6EBFA6625BB0AC700ABF0CA /* LaunchScreen.storyboard */; };
		D6EBFA7025BB0B5600ABF0CA /* ListView.swift in Sources */ = {isa = PBXBuildFile; fileRef = D6EBFA6F25BB0B5600ABF0CA /* ListView.swift */; };
		D6EBFA7225BB0BB100ABF0CA /* ListRow.swift in Sources */ = {isa = PBXBuildFile; fileRef = D6EBFA7125BB0BB100ABF0CA /* ListRow.swift */; };
		D6EBFA7425BB0BE500ABF0CA /* AddPlace.swift in Sources */ = {isa = PBXBuildFile; fileRef = D6EBFA7325BB0BE500ABF0CA /* AddPlace.swift */; };
/* End PBXBuildFile section */

/* Begin PBXFileReference section */
		D6DBC44225BEB40E00BB11C2 /* DataController.swift */ = {isa = PBXFileReference; lastKnownFileType = sourcecode.swift; path = DataController.swift; sourceTree = "<group>"; };
		D6DBC44425BEB6B300BB11C2 /* extensions.swift */ = {isa = PBXFileReference; fileEncoding = 4; lastKnownFileType = sourcecode.swift; path = extensions.swift; sourceTree = "<group>"; };
		D6DBC44625BEE23700BB11C2 /* MyView.swift */ = {isa = PBXFileReference; lastKnownFileType = sourcecode.swift; path = MyView.swift; sourceTree = "<group>"; };
		D6DBC44825BEE5F800BB11C2 /* ImagePicker.swift */ = {isa = PBXFileReference; lastKnownFileType = sourcecode.swift; path = ImagePicker.swift; sourceTree = "<group>"; };
		D6DBC44A25BEE7AC00BB11C2 /* MySheet.swift */ = {isa = PBXFileReference; fileEncoding = 4; lastKnownFileType = sourcecode.swift; path = MySheet.swift; sourceTree = "<group>"; };
		D6EBFA5525BB0AC300ABF0CA /* PlaceLocationCoreData_doz_13.app */ = {isa = PBXFileReference; explicitFileType = wrapper.application; includeInIndex = 0; path = PlaceLocationCoreData_doz_13.app; sourceTree = BUILT_PRODUCTS_DIR; };
		D6EBFA5825BB0AC300ABF0CA /* AppDelegate.swift */ = {isa = PBXFileReference; lastKnownFileType = sourcecode.swift; path = AppDelegate.swift; sourceTree = "<group>"; };
		D6EBFA5A25BB0AC300ABF0CA /* SceneDelegate.swift */ = {isa = PBXFileReference; lastKnownFileType = sourcecode.swift; path = SceneDelegate.swift; sourceTree = "<group>"; };
		D6EBFA5D25BB0AC300ABF0CA /* PlaceLocationCoreData_doz_13.xcdatamodel */ = {isa = PBXFileReference; lastKnownFileType = wrapper.xcdatamodel; path = PlaceLocationCoreData_doz_13.xcdatamodel; sourceTree = "<group>"; };
		D6EBFA6125BB0AC700ABF0CA /* Assets.xcassets */ = {isa = PBXFileReference; lastKnownFileType = folder.assetcatalog; path = Assets.xcassets; sourceTree = "<group>"; };
		D6EBFA6425BB0AC700ABF0CA /* Preview Assets.xcassets */ = {isa = PBXFileReference; lastKnownFileType = folder.assetcatalog; path = "Preview Assets.xcassets"; sourceTree = "<group>"; };
		D6EBFA6725BB0AC700ABF0CA /* Base */ = {isa = PBXFileReference; lastKnownFileType = file.storyboard; name = Base; path = Base.lproj/LaunchScreen.storyboard; sourceTree = "<group>"; };
		D6EBFA6925BB0AC700ABF0CA /* Info.plist */ = {isa = PBXFileReference; lastKnownFileType = text.plist.xml; path = Info.plist; sourceTree = "<group>"; };
		D6EBFA6F25BB0B5600ABF0CA /* ListView.swift */ = {isa = PBXFileReference; fileEncoding = 4; lastKnownFileType = sourcecode.swift; path = ListView.swift; sourceTree = "<group>"; };
		D6EBFA7125BB0BB100ABF0CA /* ListRow.swift */ = {isa = PBXFileReference; fileEncoding = 4; lastKnownFileType = sourcecode.swift; path = ListRow.swift; sourceTree = "<group>"; };
		D6EBFA7325BB0BE500ABF0CA /* AddPlace.swift */ = {isa = PBXFileReference; fileEncoding = 4; lastKnownFileType = sourcecode.swift; path = AddPlace.swift; sourceTree = "<group>"; };
/* End PBXFileReference section */

/* Begin PBXFrameworksBuildPhase section */
		D6EBFA5225BB0AC300ABF0CA /* Frameworks */ = {
			isa = PBXFrameworksBuildPhase;
			buildActionMask = 2147483647;
			files = (
			);
			runOnlyForDeploymentPostprocessing = 0;
		};
/* End PBXFrameworksBuildPhase section */

/* Begin PBXGroup section */
		D6EBFA4C25BB0AC300ABF0CA = {
			isa = PBXGroup;
			children = (
				D6EBFA5725BB0AC300ABF0CA /* PlaceLocationCoreData_doz_13 */,
				D6EBFA5625BB0AC300ABF0CA /* Products */,
			);
			sourceTree = "<group>";
		};
		D6EBFA5625BB0AC300ABF0CA /* Products */ = {
			isa = PBXGroup;
			children = (
				D6EBFA5525BB0AC300ABF0CA /* PlaceLocationCoreData_doz_13.app */,
			);
			name = Products;
			sourceTree = "<group>";
		};
		D6EBFA5725BB0AC300ABF0CA /* PlaceLocationCoreData_doz_13 */ = {
			isa = PBXGroup;
			children = (
				D6DBC44425BEB6B300BB11C2 /* extensions.swift */,
				D6EBFA5825BB0AC300ABF0CA /* AppDelegate.swift */,
				D6EBFA5A25BB0AC300ABF0CA /* SceneDelegate.swift */,
				D6EBFA7325BB0BE500ABF0CA /* AddPlace.swift */,
				D6DBC44625BEE23700BB11C2 /* MyView.swift */,
				D6DBC44825BEE5F800BB11C2 /* ImagePicker.swift */,
				D6DBC44A25BEE7AC00BB11C2 /* MySheet.swift */,
				D6EBFA7125BB0BB100ABF0CA /* ListRow.swift */,
				D6EBFA6F25BB0B5600ABF0CA /* ListView.swift */,
				D6DBC44225BEB40E00BB11C2 /* DataController.swift */,
				D6EBFA6125BB0AC700ABF0CA /* Assets.xcassets */,
				D6EBFA6625BB0AC700ABF0CA /* LaunchScreen.storyboard */,
				D6EBFA6925BB0AC700ABF0CA /* Info.plist */,
				D6EBFA5C25BB0AC300ABF0CA /* PlaceLocationCoreData_doz_13.xcdatamodeld */,
				D6EBFA6325BB0AC700ABF0CA /* Preview Content */,
			);
			path = PlaceLocationCoreData_doz_13;
			sourceTree = "<group>";
		};
		D6EBFA6325BB0AC700ABF0CA /* Preview Content */ = {
			isa = PBXGroup;
			children = (
				D6EBFA6425BB0AC700ABF0CA /* Preview Assets.xcassets */,
			);
			path = "Preview Content";
			sourceTree = "<group>";
		};
/* End PBXGroup section */

/* Begin PBXNativeTarget section */
		D6EBFA5425BB0AC300ABF0CA /* PlaceLocationCoreData_doz_13 */ = {
			isa = PBXNativeTarget;
			buildConfigurationList = D6EBFA6C25BB0AC700ABF0CA /* Build configuration list for PBXNativeTarget "PlaceLocationCoreData_doz_13" */;
			buildPhases = (
				D6EBFA5125BB0AC300ABF0CA /* Sources */,
				D6EBFA5225BB0AC300ABF0CA /* Frameworks */,
				D6EBFA5325BB0AC300ABF0CA /* Resources */,
			);
			buildRules = (
			);
			dependencies = (
			);
			name = PlaceLocationCoreData_doz_13;
			productName = PlaceLocationCoreData_doz_13;
			productReference = D6EBFA5525BB0AC300ABF0CA /* PlaceLocationCoreData_doz_13.app */;
			productType = "com.apple.product-type.application";
		};
/* End PBXNativeTarget section */

/* Begin PBXProject section */
		D6EBFA4D25BB0AC300ABF0CA /* Project object */ = {
			isa = PBXProject;
			attributes = {
				LastSwiftUpdateCheck = 1170;
				LastUpgradeCheck = 1170;
				ORGANIZATIONNAME = zancor;
				TargetAttributes = {
					D6EBFA5425BB0AC300ABF0CA = {
						CreatedOnToolsVersion = 11.7;
					};
				};
			};
			buildConfigurationList = D6EBFA5025BB0AC300ABF0CA /* Build configuration list for PBXProject "PlaceLocationCoreData_doz_13" */;
			compatibilityVersion = "Xcode 9.3";
			developmentRegion = en;
			hasScannedForEncodings = 0;
			knownRegions = (
				en,
				Base,
			);
			mainGroup = D6EBFA4C25BB0AC300ABF0CA;
			productRefGroup = D6EBFA5625BB0AC300ABF0CA /* Products */;
			projectDirPath = "";
			projectRoot = "";
			targets = (
				D6EBFA5425BB0AC300ABF0CA /* PlaceLocationCoreData_doz_13 */,
			);
		};
/* End PBXProject section */

/* Begin PBXResourcesBuildPhase section */
		D6EBFA5325BB0AC300ABF0CA /* Resources */ = {
			isa = PBXResourcesBuildPhase;
			buildActionMask = 2147483647;
			files = (
				D6EBFA6825BB0AC700ABF0CA /* LaunchScreen.storyboard in Resources */,
				D6EBFA6525BB0AC700ABF0CA /* Preview Assets.xcassets in Resources */,
				D6EBFA6225BB0AC700ABF0CA /* Assets.xcassets in Resources */,
			);
			runOnlyForDeploymentPostprocessing = 0;
		};
/* End PBXResourcesBuildPhase section */

/* Begin PBXSourcesBuildPhase section */
		D6EBFA5125BB0AC300ABF0CA /* Sources */ = {
			isa = PBXSourcesBuildPhase;
			buildActionMask = 2147483647;
			files = (
				D6DBC44325BEB40E00BB11C2 /* DataController.swift in Sources */,
				D6EBFA5925BB0AC300ABF0CA /* AppDelegate.swift in Sources */,
				D6EBFA7225BB0BB100ABF0CA /* ListRow.swift in Sources */,
				D6DBC44725BEE23700BB11C2 /* MyView.swift in Sources */,
				D6DBC44B25BEE7AC00BB11C2 /* MySheet.swift in Sources */,
				D6DBC44525BEB6B300BB11C2 /* extensions.swift in Sources */,
				D6EBFA5B25BB0AC300ABF0CA /* SceneDelegate.swift in Sources */,
				D6EBFA7025BB0B5600ABF0CA /* ListView.swift in Sources */,
				D6DBC44925BEE5F800BB11C2 /* ImagePicker.swift in Sources */,
				D6EBFA7425BB0BE500ABF0CA /* AddPlace.swift in Sources */,
				D6EBFA5E25BB0AC300ABF0CA /* PlaceLocationCoreData_doz_13.xcdatamodeld in Sources */,
			);
			runOnlyForDeploymentPostprocessing = 0;
		};
/* End PBXSourcesBuildPhase section */

/* Begin PBXVariantGroup section */
		D6EBFA6625BB0AC700ABF0CA /* LaunchScreen.storyboard */ = {
			isa = PBXVariantGroup;
			children = (
				D6EBFA6725BB0AC700ABF0CA /* Base */,
			);
			name = LaunchScreen.storyboard;
			sourceTree = "<group>";
		};
/* End PBXVariantGroup section */

/* Begin XCBuildConfiguration section */
		D6EBFA6A25BB0AC700ABF0CA /* Debug */ = {
			isa = XCBuildConfiguration;
			buildSettings = {
				ALWAYS_SEARCH_USER_PATHS = NO;
				CLANG_ANALYZER_NONNULL = YES;
				CLANG_ANALYZER_NUMBER_OBJECT_CONVERSION = YES_AGGRESSIVE;
				CLANG_CXX_LANGUAGE_STANDARD = "gnu++14";
				CLANG_CXX_LIBRARY = "libc++";
				CLANG_ENABLE_MODULES = YES;
				CLANG_ENABLE_OBJC_ARC = YES;
				CLANG_ENABLE_OBJC_WEAK = YES;
				CLANG_WARN_BLOCK_CAPTURE_AUTORELEASING = YES;
				CLANG_WARN_BOOL_CONVERSION = YES;
				CLANG_WARN_COMMA = YES;
				CLANG_WARN_CONSTANT_CONVERSION = YES;
				CLANG_WARN_DEPRECATED_OBJC_IMPLEMENTATIONS = YES;
				CLANG_WARN_DIRECT_OBJC_ISA_USAGE = YES_ERROR;
				CLANG_WARN_DOCUMENTATION_COMMENTS = YES;
				CLANG_WARN_EMPTY_BODY = YES;
				CLANG_WARN_ENUM_CONVERSION = YES;
				CLANG_WARN_INFINITE_RECURSION = YES;
				CLANG_WARN_INT_CONVERSION = YES;
				CLANG_WARN_NON_LITERAL_NULL_CONVERSION = YES;
				CLANG_WARN_OBJC_IMPLICIT_RETAIN_SELF = YES;
				CLANG_WARN_OBJC_LITERAL_CONVERSION = YES;
				CLANG_WARN_OBJC_ROOT_CLASS = YES_ERROR;
				CLANG_WARN_RANGE_LOOP_ANALYSIS = YES;
				CLANG_WARN_STRICT_PROTOTYPES = YES;
				CLANG_WARN_SUSPICIOUS_MOVE = YES;
				CLANG_WARN_UNGUARDED_AVAILABILITY = YES_AGGRESSIVE;
				CLANG_WARN_UNREACHABLE_CODE = YES;
				CLANG_WARN__DUPLICATE_METHOD_MATCH = YES;
				COPY_PHASE_STRIP = NO;
				DEBUG_INFORMATION_FORMAT = dwarf;
				ENABLE_STRICT_OBJC_MSGSEND = YES;
				ENABLE_TESTABILITY = YES;
				GCC_C_LANGUAGE_STANDARD = gnu11;
				GCC_DYNAMIC_NO_PIC = NO;
				GCC_NO_COMMON_BLOCKS = YES;
				GCC_OPTIMIZATION_LEVEL = 0;
				GCC_PREPROCESSOR_DEFINITIONS = (
					"DEBUG=1",
					"$(inherited)",
				);
				GCC_WARN_64_TO_32_BIT_CONVERSION = YES;
				GCC_WARN_ABOUT_RETURN_TYPE = YES_ERROR;
				GCC_WARN_UNDECLARED_SELECTOR = YES;
				GCC_WARN_UNINITIALIZED_AUTOS = YES_AGGRESSIVE;
				GCC_WARN_UNUSED_FUNCTION = YES;
				GCC_WARN_UNUSED_VARIABLE = YES;
				IPHONEOS_DEPLOYMENT_TARGET = 13.7;
				MTL_ENABLE_DEBUG_INFO = INCLUDE_SOURCE;
				MTL_FAST_MATH = YES;
				ONLY_ACTIVE_ARCH = YES;
				SDKROOT = iphoneos;
				SWIFT_ACTIVE_COMPILATION_CONDITIONS = DEBUG;
				SWIFT_OPTIMIZATION_LEVEL = "-Onone";
			};
			name = Debug;
		};
		D6EBFA6B25BB0AC700ABF0CA /* Release */ = {
			isa = XCBuildConfiguration;
			buildSettings = {
				ALWAYS_SEARCH_USER_PATHS = NO;
				CLANG_ANALYZER_NONNULL = YES;
				CLANG_ANALYZER_NUMBER_OBJECT_CONVERSION = YES_AGGRESSIVE;
				CLANG_CXX_LANGUAGE_STANDARD = "gnu++14";
				CLANG_CXX_LIBRARY = "libc++";
				CLANG_ENABLE_MODULES = YES;
				CLANG_ENABLE_OBJC_ARC = YES;
				CLANG_ENABLE_OBJC_WEAK = YES;
				CLANG_WARN_BLOCK_CAPTURE_AUTORELEASING = YES;
				CLANG_WARN_BOOL_CONVERSION = YES;
				CLANG_WARN_COMMA = YES;
				CLANG_WARN_CONSTANT_CONVERSION = YES;
				CLANG_WARN_DEPRECATED_OBJC_IMPLEMENTATIONS = YES;
				CLANG_WARN_DIRECT_OBJC_ISA_USAGE = YES_ERROR;
				CLANG_WARN_DOCUMENTATION_COMMENTS = YES;
				CLANG_WARN_EMPTY_BODY = YES;
				CLANG_WARN_ENUM_CONVERSION = YES;
				CLANG_WARN_INFINITE_RECURSION = YES;
				CLANG_WARN_INT_CONVERSION = YES;
				CLANG_WARN_NON_LITERAL_NULL_CONVERSION = YES;
				CLANG_WARN_OBJC_IMPLICIT_RETAIN_SELF = YES;
				CLANG_WARN_OBJC_LITERAL_CONVERSION = YES;
				CLANG_WARN_OBJC_ROOT_CLASS = YES_ERROR;
				CLANG_WARN_RANGE_LOOP_ANALYSIS = YES;
				CLANG_WARN_STRICT_PROTOTYPES = YES;
				CLANG_WARN_SUSPICIOUS_MOVE = YES;
				CLANG_WARN_UNGUARDED_AVAILABILITY = YES_AGGRESSIVE;
				CLANG_WARN_UNREACHABLE_CODE = YES;
				CLANG_WARN__DUPLICATE_METHOD_MATCH = YES;
				COPY_PHASE_STRIP = NO;
				DEBUG_INFORMATION_FORMAT = "dwarf-with-dsym";
				ENABLE_NS_ASSERTIONS = NO;
				ENABLE_STRICT_OBJC_MSGSEND = YES;
				GCC_C_LANGUAGE_STANDARD = gnu11;
				GCC_NO_COMMON_BLOCKS = YES;
				GCC_WARN_64_TO_32_BIT_CONVERSION = YES;
				GCC_WARN_ABOUT_RETURN_TYPE = YES_ERROR;
				GCC_WARN_UNDECLARED_SELECTOR = YES;
				GCC_WARN_UNINITIALIZED_AUTOS = YES_AGGRESSIVE;
				GCC_WARN_UNUSED_FUNCTION = YES;
				GCC_WARN_UNUSED_VARIABLE = YES;
				IPHONEOS_DEPLOYMENT_TARGET = 13.7;
				MTL_ENABLE_DEBUG_INFO = NO;
				MTL_FAST_MATH = YES;
				SDKROOT = iphoneos;
				SWIFT_COMPILATION_MODE = wholemodule;
				SWIFT_OPTIMIZATION_LEVEL = "-O";
				VALIDATE_PRODUCT = YES;
			};
			name = Release;
		};
		D6EBFA6D25BB0AC700ABF0CA /* Debug */ = {
			isa = XCBuildConfiguration;
			buildSettings = {
				ASSETCATALOG_COMPILER_APPICON_NAME = AppIcon;
				CODE_SIGN_STYLE = Automatic;
				DEVELOPMENT_ASSET_PATHS = "\"PlaceLocationCoreData_doz_13/Preview Content\"";
				DEVELOPMENT_TEAM = 8TXM23JGPB;
				ENABLE_PREVIEWS = YES;
				INFOPLIST_FILE = PlaceLocationCoreData_doz_13/Info.plist;
				LD_RUNPATH_SEARCH_PATHS = (
					"$(inherited)",
					"@executable_path/Frameworks",
				);
				PRODUCT_BUNDLE_IDENTIFIER = "com.PlaceLocationCoreData-doz-13";
				PRODUCT_NAME = "$(TARGET_NAME)";
				SWIFT_VERSION = 5.0;
				TARGETED_DEVICE_FAMILY = "1,2";
			};
			name = Debug;
		};
		D6EBFA6E25BB0AC700ABF0CA /* Release */ = {
			isa = XCBuildConfiguration;
			buildSettings = {
				ASSETCATALOG_COMPILER_APPICON_NAME = AppIcon;
				CODE_SIGN_STYLE = Automatic;
				DEVELOPMENT_ASSET_PATHS = "\"PlaceLocationCoreData_doz_13/Preview Content\"";
				DEVELOPMENT_TEAM = 8TXM23JGPB;
				ENABLE_PREVIEWS = YES;
				INFOPLIST_FILE = PlaceLocationCoreData_doz_13/Info.plist;
				LD_RUNPATH_SEARCH_PATHS = (
					"$(inherited)",
					"@executable_path/Frameworks",
				);
				PRODUCT_BUNDLE_IDENTIFIER = "com.PlaceLocationCoreData-doz-13";
				PRODUCT_NAME = "$(TARGET_NAME)";
				SWIFT_VERSION = 5.0;
				TARGETED_DEVICE_FAMILY = "1,2";
			};
			name = Release;
		};
/* End XCBuildConfiguration section */

/* Begin XCConfigurationList section */
		D6EBFA5025BB0AC300ABF0CA /* Build configuration list for PBXProject "PlaceLocationCoreData_doz_13" */ = {
			isa = XCConfigurationList;
			buildConfigurations = (
				D6EBFA6A25BB0AC700ABF0CA /* Debug */,
				D6EBFA6B25BB0AC700ABF0CA /* Release */,
			);
			defaultConfigurationIsVisible = 0;
			defaultConfigurationName = Release;
		};
		D6EBFA6C25BB0AC700ABF0CA /* Build configuration list for PBXNativeTarget "PlaceLocationCoreData_doz_13" */ = {
			isa = XCConfigurationList;
			buildConfigurations = (
				D6EBFA6D25BB0AC700ABF0CA /* Debug */,
				D6EBFA6E25BB0AC700ABF0CA /* Release */,
			);
			defaultConfigurationIsVisible = 0;
			defaultConfigurationName = Release;
		};
/* End XCConfigurationList section */

/* Begin XCVersionGroup section */
		D6EBFA5C25BB0AC300ABF0CA /* PlaceLocationCoreData_doz_13.xcdatamodeld */ = {
			isa = XCVersionGroup;
			children = (
				D6EBFA5D25BB0AC300ABF0CA /* PlaceLocationCoreData_doz_13.xcdatamodel */,
			);
			currentVersion = D6EBFA5D25BB0AC300ABF0CA /* PlaceLocationCoreData_doz_13.xcdatamodel */;
			path = PlaceLocationCoreData_doz_13.xcdatamodeld;
			sourceTree = "<group>";
			versionGroupType = wrapper.xcdatamodel;
		};
/* End XCVersionGroup section */
	};
	rootObject = D6EBFA4D25BB0AC300ABF0CA /* Project object */;
}
